
Microsoft Visual Studio Solution File, Format Version 12.00
# Visual Studio Version 17
VisualStudioVersion = 17.0.31808.319
MinimumVisualStudioVersion = 10.0.40219.1
Project("{2150E333-8FDC-42A3-9474-1A3956D46DE8}") = "Solution Items", "Solution Items", "{94B57A57-4951-4588-89D8-4D6F3FF404D1}"
	ProjectSection(SolutionItems) = preProject
		.editorconfig = .editorconfig
		..\.gitignore = ..\.gitignore
		readme.md = readme.md
		..\readme.md = ..\readme.md
	EndProjectSection
EndProject
Project("{9A19103F-16F7-4668-BE54-9A1E7A4F7556}") = "UnitTests", "UnitTests\UnitTests.csproj", "{D9C95F7C-1390-45CF-99DA-2D7702345C65}"
EndProject
Project("{9A19103F-16F7-4668-BE54-9A1E7A4F7556}") = "Zsharp", "Zsharp\Zsharp.csproj", "{7271D9B4-5774-488D-9205-D32B68988BDE}"
EndProject
Project("{9A19103F-16F7-4668-BE54-9A1E7A4F7556}") = "Zsharp.Runtime", "Zsharp.Runtime\Zsharp.Runtime.csproj", "{CB4B0449-2DE3-4965-881C-D9EA9380E9CE}"
EndProject
Project("{9A19103F-16F7-4668-BE54-9A1E7A4F7556}") = "Zsharp.Runtime.UnitTests", "Zsharp.Runtime.UnitTests\Zsharp.Runtime.UnitTests.csproj", "{4E4205E4-6C68-4141-9F42-1B4055148657}"
EndProject
Project("{FAE04EC0-301F-11D3-BF4B-00C04F79EFBC}") = "Zsharp.Compiler", "Zsharp.Compiler\Zsharp.Compiler.csproj", "{84C14D7E-6026-4C5A-9C4E-8F8E449DA244}"
EndProject
Project("{FAE04EC0-301F-11D3-BF4B-00C04F79EFBC}") = "Zsharp.Compiler.Tests", "Zsharp.Compiler.Tests\Zsharp.Compiler.Tests.csproj", "{42E4DE41-4576-4D94-9D66-33203CAFE361}"
EndProject
Global
	GlobalSection(SolutionConfigurationPlatforms) = preSolution
		Debug|Any CPU = Debug|Any CPU
		Release|Any CPU = Release|Any CPU
	EndGlobalSection
	GlobalSection(ProjectConfigurationPlatforms) = postSolution
		{D9C95F7C-1390-45CF-99DA-2D7702345C65}.Debug|Any CPU.ActiveCfg = Debug|Any CPU
		{D9C95F7C-1390-45CF-99DA-2D7702345C65}.Debug|Any CPU.Build.0 = Debug|Any CPU
		{D9C95F7C-1390-45CF-99DA-2D7702345C65}.Release|Any CPU.ActiveCfg = Release|Any CPU
		{D9C95F7C-1390-45CF-99DA-2D7702345C65}.Release|Any CPU.Build.0 = Release|Any CPU
		{7271D9B4-5774-488D-9205-D32B68988BDE}.Debug|Any CPU.ActiveCfg = Debug|Any CPU
		{7271D9B4-5774-488D-9205-D32B68988BDE}.Debug|Any CPU.Build.0 = Debug|Any CPU
		{7271D9B4-5774-488D-9205-D32B68988BDE}.Release|Any CPU.ActiveCfg = Release|Any CPU
		{7271D9B4-5774-488D-9205-D32B68988BDE}.Release|Any CPU.Build.0 = Release|Any CPU
		{CB4B0449-2DE3-4965-881C-D9EA9380E9CE}.Debug|Any CPU.ActiveCfg = Debug|Any CPU
		{CB4B0449-2DE3-4965-881C-D9EA9380E9CE}.Debug|Any CPU.Build.0 = Debug|Any CPU
		{CB4B0449-2DE3-4965-881C-D9EA9380E9CE}.Release|Any CPU.ActiveCfg = Release|Any CPU
		{CB4B0449-2DE3-4965-881C-D9EA9380E9CE}.Release|Any CPU.Build.0 = Release|Any CPU
		{4E4205E4-6C68-4141-9F42-1B4055148657}.Debug|Any CPU.ActiveCfg = Debug|Any CPU
		{4E4205E4-6C68-4141-9F42-1B4055148657}.Debug|Any CPU.Build.0 = Debug|Any CPU
		{4E4205E4-6C68-4141-9F42-1B4055148657}.Release|Any CPU.ActiveCfg = Release|Any CPU
		{4E4205E4-6C68-4141-9F42-1B4055148657}.Release|Any CPU.Build.0 = Release|Any CPU
		{84C14D7E-6026-4C5A-9C4E-8F8E449DA244}.Debug|Any CPU.ActiveCfg = Debug|Any CPU
		{84C14D7E-6026-4C5A-9C4E-8F8E449DA244}.Debug|Any CPU.Build.0 = Debug|Any CPU
		{84C14D7E-6026-4C5A-9C4E-8F8E449DA244}.Release|Any CPU.ActiveCfg = Release|Any CPU
		{84C14D7E-6026-4C5A-9C4E-8F8E449DA244}.Release|Any CPU.Build.0 = Release|Any CPU
		{42E4DE41-4576-4D94-9D66-33203CAFE361}.Debug|Any CPU.ActiveCfg = Debug|Any CPU
		{42E4DE41-4576-4D94-9D66-33203CAFE361}.Debug|Any CPU.Build.0 = Debug|Any CPU
		{42E4DE41-4576-4D94-9D66-33203CAFE361}.Release|Any CPU.ActiveCfg = Release|Any CPU
		{42E4DE41-4576-4D94-9D66-33203CAFE361}.Release|Any CPU.Build.0 = Release|Any CPU
	EndGlobalSection
	GlobalSection(SolutionProperties) = preSolution
		HideSolutionNode = FALSE
	EndGlobalSection
	GlobalSection(ExtensibilityGlobals) = postSolution
		SolutionGuid = {33055159-8526-4B00-9C40-81C0D5A2D4BD}
	EndGlobalSection
EndGlobal
