
Microsoft Visual Studio Solution File, Format Version 12.00
# Visual Studio Version 16
VisualStudioVersion = 16.0.30523.141
MinimumVisualStudioVersion = 10.0.40219.1
Project("{9A19103F-16F7-4668-BE54-9A1E7A4F7556}") = "Zlang.NET", "Zlang.NET\Zlang.NET.csproj", "{9AF0F6D7-F1F1-43CC-B178-D162AD0D4B27}"
EndProject
Project("{2150E333-8FDC-42A3-9474-1A3956D46DE8}") = "Solution Items", "Solution Items", "{94B57A57-4951-4588-89D8-4D6F3FF404D1}"
	ProjectSection(SolutionItems) = preProject
		.editorconfig = .editorconfig
		.gitignore = .gitignore
		readme.md = readme.md
	EndProjectSection
EndProject
Project("{9A19103F-16F7-4668-BE54-9A1E7A4F7556}") = "UnitTests", "UnitTests\UnitTests.csproj", "{D9C95F7C-1390-45CF-99DA-2D7702345C65}"
EndProject
Global
	GlobalSection(SolutionConfigurationPlatforms) = preSolution
		Debug|Any CPU = Debug|Any CPU
		Release|Any CPU = Release|Any CPU
	EndGlobalSection
	GlobalSection(ProjectConfigurationPlatforms) = postSolution
		{9AF0F6D7-F1F1-43CC-B178-D162AD0D4B27}.Debug|Any CPU.ActiveCfg = Debug|Any CPU
		{9AF0F6D7-F1F1-43CC-B178-D162AD0D4B27}.Debug|Any CPU.Build.0 = Debug|Any CPU
		{9AF0F6D7-F1F1-43CC-B178-D162AD0D4B27}.Release|Any CPU.ActiveCfg = Release|Any CPU
		{9AF0F6D7-F1F1-43CC-B178-D162AD0D4B27}.Release|Any CPU.Build.0 = Release|Any CPU
		{D9C95F7C-1390-45CF-99DA-2D7702345C65}.Debug|Any CPU.ActiveCfg = Debug|Any CPU
		{D9C95F7C-1390-45CF-99DA-2D7702345C65}.Debug|Any CPU.Build.0 = Debug|Any CPU
		{D9C95F7C-1390-45CF-99DA-2D7702345C65}.Release|Any CPU.ActiveCfg = Release|Any CPU
		{D9C95F7C-1390-45CF-99DA-2D7702345C65}.Release|Any CPU.Build.0 = Release|Any CPU
	EndGlobalSection
	GlobalSection(SolutionProperties) = preSolution
		HideSolutionNode = FALSE
	EndGlobalSection
	GlobalSection(ExtensibilityGlobals) = postSolution
		SolutionGuid = {33055159-8526-4B00-9C40-81C0D5A2D4BD}
	EndGlobalSection
EndGlobal
